<?xml version="1.0" encoding="utf-8"?>
<Project ToolsVersion="4.0" xmlns="http://schemas.microsoft.com/developer/msbuild/2003">
  <ItemGroup>
    <Filter Include="Source Files">
      <UniqueIdentifier>{4FC737F1-C7A5-4376-A066-2A32D752A2FF}</UniqueIdentifier>
      <Extensions>cpp;c;cc;cxx;def;odl;idl;hpj;bat;asm;asmx</Extensions>
    </Filter>
    <Filter Include="Header Files">
      <UniqueIdentifier>{93995380-89BD-4b04-88EB-625FBE52EBFB}</UniqueIdentifier>
      <Extensions>h;hpp;hxx;hm;inl;inc;xsd</Extensions>
    </Filter>
    <Filter Include="Resource Files">
      <UniqueIdentifier>{67DA6AB6-F800-4c08-8B7A-83BB121AAD01}</UniqueIdentifier>
      <Extensions>rc;ico;cur;bmp;dlg;rc2;rct;bin;rgs;gif;jpg;jpeg;jpe;resx;tiff;tif;png;wav;mfcribbon-ms</Extensions>
    </Filter>
  </ItemGroup>
  <ItemGroup>
    <ClCompile Include="..\..\paho-mqtt-c\MQTTPersistenceDefault.c">
      <Filter>Source Files</Filter>
    </ClCompile>
    <ClCompile Include="..\..\paho-mqtt-c\MQTTProtocolClient.c">
      <Filter>Source Files</Filter>
    </ClCompile>
    <ClCompile Include="..\..\paho-mqtt-c\MQTTProtocolOut.c">
      <Filter>Source Files</Filter>
    </ClCompile>
    <ClCompile Include="..\..\paho-mqtt-c\Socket.c">
      <Filter>Source Files</Filter>
    </ClCompile>
    <ClCompile Include="..\..\paho-mqtt-c\SocketBuffer.c">
      <Filter>Source Files</Filter>
    </ClCompile>
    <ClCompile Include="..\..\paho-mqtt-c\SSLSocket.c">
      <Filter>Source Files</Filter>
    </ClCompile>
    <ClCompile Include="..\..\paho-mqtt-c\StackTrace.c">
      <Filter>Source Files</Filter>
    </ClCompile>
    <ClCompile Include="..\..\paho-mqtt-c\Thread.c">
      <Filter>Source Files</Filter>
    </ClCompile>
    <ClCompile Include="..\..\paho-mqtt-c\Tree.c">
      <Filter>Source Files</Filter>
    </ClCompile>
    <ClCompile Include="..\..\paho-mqtt-c\utf-8.c">
      <Filter>Source Files</Filter>
    </ClCompile>
    <ClCompile Include="..\..\paho-mqtt-c\Clients.c">
      <Filter>Source Files</Filter>
    </ClCompile>
    <ClCompile Include="..\..\paho-mqtt-c\Heap.c">
      <Filter>Source Files</Filter>
    </ClCompile>
    <ClCompile Include="..\..\paho-mqtt-c\LinkedList.c">
      <Filter>Source Files</Filter>
    </ClCompile>
    <ClCompile Include="..\..\paho-mqtt-c\Log.c">
      <Filter>Source Files</Filter>
    </ClCompile>
    <ClCompile Include="..\..\paho-mqtt-c\Messages.c">
      <Filter>Source Files</Filter>
    </ClCompile>
    <ClCompile Include="..\..\paho-mqtt-c\MQTTClient.c">
      <Filter>Source Files</Filter>
    </ClCompile>
    <ClCompile Include="..\..\paho-mqtt-c\MQTTPacket.c">
      <Filter>Source Files</Filter>
    </ClCompile>
    <ClCompile Include="..\..\paho-mqtt-c\MQTTPacketOut.c">
      <Filter>Source Files</Filter>
    </ClCompile>
    <ClCompile Include="..\..\paho-mqtt-c\MQTTPersistence.c">
      <Filter>Source Files</Filter>
    </ClCompile>
  </ItemGroup>
  <ItemGroup>
    <ClInclude Include="..\..\paho-mqtt-c\MQTTPersistenceDefault.h">
      <Filter>Source Files</Filter>
    </ClInclude>
    <ClInclude Include="..\..\paho-mqtt-c\MQTTProtocol.h">
      <Filter>Source Files</Filter>
    </ClInclude>
    <ClInclude Include="..\..\paho-mqtt-c\MQTTProtocolClient.h">
      <Filter>Source Files</Filter>
    </ClInclude>
    <ClInclude Include="..\..\paho-mqtt-c\MQTTProtocolOut.h">
      <Filter>Source Files</Filter>
    </ClInclude>
    <ClInclude Include="..\..\paho-mqtt-c\Socket.h">
      <Filter>Source Files</Filter>
    </ClInclude>
    <ClInclude Include="..\..\paho-mqtt-c\SocketBuffer.h">
      <Filter>Source Files</Filter>
    </ClInclude>
    <ClInclude Include="..\..\paho-mqtt-c\SSLSocket.h">
      <Filter>Source Files</Filter>
    </ClInclude>
    <ClInclude Include="..\..\paho-mqtt-c\StackTrace.h">
      <Filter>Source Files</Filter>
    </ClInclude>
    <ClInclude Include="..\..\paho-mqtt-c\Thread.h">
      <Filter>Source Files</Filter>
    </ClInclude>
    <ClInclude Include="..\..\paho-mqtt-c\Tree.h">
      <Filter>Source Files</Filter>
    </ClInclude>
    <ClInclude Include="..\..\paho-mqtt-c\utf-8.h">
      <Filter>Source Files</Filter>
    </ClInclude>
    <ClInclude Include="..\..\paho-mqtt-c\Clients.h">
      <Filter>Source Files</Filter>
    </ClInclude>
    <ClInclude Include="..\..\paho-mqtt-c\Heap.h">
      <Filter>Source Files</Filter>
    </ClInclude>
    <ClInclude Include="..\..\paho-mqtt-c\LinkedList.h">
      <Filter>Source Files</Filter>
    </ClInclude>
    <ClInclude Include="..\..\paho-mqtt-c\Log.h">
      <Filter>Source Files</Filter>
    </ClInclude>
    <ClInclude Include="..\..\paho-mqtt-c\Messages.h">
      <Filter>Source Files</Filter>
    </ClInclude>
    <ClInclude Include="..\..\paho-mqtt-c\MQTTClient.h">
      <Filter>Source Files</Filter>
    </ClInclude>
    <ClInclude Include="..\..\paho-mqtt-c\MQTTClientPersistence.h">
      <Filter>Source Files</Filter>
    </ClInclude>
    <ClInclude Include="..\..\paho-mqtt-c\MQTTPacket.h">
      <Filter>Source Files</Filter>
    </ClInclude>
    <ClInclude Include="..\..\paho-mqtt-c\MQTTPacketOut.h">
      <Filter>Source Files</Filter>
    </ClInclude>
    <ClInclude Include="..\..\paho-mqtt-c\MQTTPersistence.h">
      <Filter>Source Files</Filter>
    </ClInclude>
  </ItemGroup>
</Project>